
Microsoft Visual Studio Solution File, Format Version 12.00
# Visual Studio Version 16
VisualStudioVersion = 16.0.31911.196
MinimumVisualStudioVersion = 10.0.40219.1
Project("{FAE04EC0-301F-11D3-BF4B-00C04F79EFBC}") = "Console_Lab1", "Console_Lab1\Console_Lab1.csproj", "{AEE88BAE-099A-4689-91D5-9C6E4780D173}"
EndProject
Global
	GlobalSection(SolutionConfigurationPlatforms) = preSolution
		Debug|Any CPU = Debug|Any CPU
		Release|Any CPU = Release|Any CPU
	EndGlobalSection
	GlobalSection(ProjectConfigurationPlatforms) = postSolution
		{AEE88BAE-099A-4689-91D5-9C6E4780D173}.Debug|Any CPU.ActiveCfg = Debug|Any CPU
		{AEE88BAE-099A-4689-91D5-9C6E4780D173}.Debug|Any CPU.Build.0 = Debug|Any CPU
		{AEE88BAE-099A-4689-91D5-9C6E4780D173}.Release|Any CPU.ActiveCfg = Release|Any CPU
		{AEE88BAE-099A-4689-91D5-9C6E4780D173}.Release|Any CPU.Build.0 = Release|Any CPU
	EndGlobalSection
	GlobalSection(SolutionProperties) = preSolution
		HideSolutionNode = FALSE
	EndGlobalSection
	GlobalSection(ExtensibilityGlobals) = postSolution
		SolutionGuid = {26BE91E0-AE56-4368-8984-46D3E1297AF3}
	EndGlobalSection
EndGlobal
