
Microsoft Visual Studio Solution File, Format Version 12.00
# Visual Studio Version 16
VisualStudioVersion = 16.0.31911.196
MinimumVisualStudioVersion = 10.0.40219.1
Project("{FAE04EC0-301F-11D3-BF4B-00C04F79EFBC}") = "Pilse_task", "Pilse_task\Pilse_task.csproj", "{2F6FF666-B7B2-408B-B036-643D5AEDE207}"
EndProject
Global
	GlobalSection(SolutionConfigurationPlatforms) = preSolution
		Debug|Any CPU = Debug|Any CPU
		Release|Any CPU = Release|Any CPU
	EndGlobalSection
	GlobalSection(ProjectConfigurationPlatforms) = postSolution
		{2F6FF666-B7B2-408B-B036-643D5AEDE207}.Debug|Any CPU.ActiveCfg = Debug|Any CPU
		{2F6FF666-B7B2-408B-B036-643D5AEDE207}.Debug|Any CPU.Build.0 = Debug|Any CPU
		{2F6FF666-B7B2-408B-B036-643D5AEDE207}.Release|Any CPU.ActiveCfg = Release|Any CPU
		{2F6FF666-B7B2-408B-B036-643D5AEDE207}.Release|Any CPU.Build.0 = Release|Any CPU
	EndGlobalSection
	GlobalSection(SolutionProperties) = preSolution
		HideSolutionNode = FALSE
	EndGlobalSection
	GlobalSection(ExtensibilityGlobals) = postSolution
		SolutionGuid = {10496DA0-E8B7-45F8-9662-D114E727DA16}
	EndGlobalSection
EndGlobal
